{
  "version": 4,
  "terraform_version": "1.6.5",
  "serial": 102,
  "lineage": "7b895f76-1756-a9c2-5d37-1ca4ffe469e0",
  "outputs": {
    "first_vpc_id": {
      "value": "vpc-02d0c8c2ce263e232",
      "type": "string"
    },
    "instance_id": {
      "value": "i-03e8dc78d3e61ac65",
      "type": "string"
    },
    "master_private_ip": {
      "value": "172.31.87.75",
      "type": "string"
    },
    "master_public_ip": {
      "value": "44.203.141.219",
      "type": "string"
    },
    "proxy_public_ip": {
      "value": "3.89.10.113",
      "type": "string"
    },
    "security_group_id": {
      "value": "sg-058ee3e00ad6eff55",
      "type": "string"
    },
    "slave1_private_ip": {
      "value": "172.31.81.66",
      "type": "string"
    },
    "slave1_public_ip": {
      "value": "54.174.175.142",
      "type": "string"
    },
    "slave2_private_ip": {
      "value": "172.31.80.173",
      "type": "string"
    },
    "slave2_public_ip": {
      "value": "52.90.31.137",
      "type": "string"
    },
    "slave3_private_ip": {
      "value": "172.31.94.84",
      "type": "string"
    },
    "slave3_public_ip": {
      "value": "52.87.246.232",
      "type": "string"
    }
  },
  "resources": [
    {
      "mode": "data",
      "type": "aws_vpcs",
      "name": "all_vpcs",
      "provider": "provider[\"registry.terraform.io/hashicorp/aws\"]",
      "instances": [
        {
          "schema_version": 0,
          "attributes": {
            "filter": null,
            "id": "us-east-1",
            "ids": [
              "vpc-02d0c8c2ce263e232"
            ],
            "tags": null,
            "timeouts": null
          },
          "sensitive_attributes": []
        }
      ]
    },
    {
      "mode": "managed",
      "type": "aws_instance",
      "name": "master_node",
      "provider": "provider[\"registry.terraform.io/hashicorp/aws\"]",
      "instances": [
        {
          "schema_version": 1,
          "attributes": {
            "ami": "ami-0c7217cdde317cfec",
            "arn": "arn:aws:ec2:us-east-1:254512934587:instance/i-0d1af056ddac359fb",
            "associate_public_ip_address": true,
            "availability_zone": "us-east-1a",
            "capacity_reservation_specification": [
              {
                "capacity_reservation_preference": "open",
                "capacity_reservation_target": []
              }
            ],
            "cpu_core_count": 1,
            "cpu_options": [
              {
                "amd_sev_snp": "",
                "core_count": 1,
                "threads_per_core": 1
              }
            ],
            "cpu_threads_per_core": 1,
            "credit_specification": [
              {
                "cpu_credits": "standard"
              }
            ],
            "disable_api_stop": false,
            "disable_api_termination": false,
            "ebs_block_device": [],
            "ebs_optimized": false,
            "enclave_options": [
              {
                "enabled": false
              }
            ],
            "ephemeral_block_device": [],
            "get_password_data": false,
            "hibernation": false,
            "host_id": "",
            "host_resource_group_arn": null,
            "iam_instance_profile": "",
            "id": "i-0d1af056ddac359fb",
            "instance_initiated_shutdown_behavior": "stop",
            "instance_lifecycle": "",
            "instance_market_options": [],
            "instance_state": "running",
            "instance_type": "t2.micro",
            "ipv6_address_count": 0,
            "ipv6_addresses": [],
            "key_name": "my_key_1",
            "launch_template": [],
            "maintenance_options": [
              {
                "auto_recovery": "default"
              }
            ],
            "metadata_options": [
              {
                "http_endpoint": "enabled",
                "http_protocol_ipv6": "disabled",
                "http_put_response_hop_limit": 1,
                "http_tokens": "optional",
                "instance_metadata_tags": "disabled"
              }
            ],
            "monitoring": false,
            "network_interface": [],
            "outpost_arn": "",
            "password_data": "",
            "placement_group": "",
            "placement_partition_number": 0,
            "primary_network_interface_id": "eni-0ff6d1ea23c9ce906",
            "private_dns": "ip-172-31-87-75.ec2.internal",
            "private_dns_name_options": [
              {
                "enable_resource_name_dns_a_record": false,
                "enable_resource_name_dns_aaaa_record": false,
                "hostname_type": "ip-name"
              }
            ],
            "private_ip": "172.31.87.75",
            "public_dns": "ec2-44-203-141-219.compute-1.amazonaws.com",
            "public_ip": "44.203.141.219",
            "root_block_device": [
              {
                "delete_on_termination": true,
                "device_name": "/dev/sda1",
                "encrypted": false,
                "iops": 100,
                "kms_key_id": "",
                "tags": null,
                "throughput": 0,
                "volume_id": "vol-06b79f3aefb807e54",
                "volume_size": 8,
                "volume_type": "gp2"
              }
            ],
            "secondary_private_ips": [],
            "security_groups": [
              "my_group_1"
            ],
            "source_dest_check": true,
            "spot_instance_request_id": "",
            "subnet_id": "subnet-066858b1c41340b49",
            "tags": {
              "Name": "master"
            },
            "tags_all": {
              "Name": "master"
            },
            "tenancy": "default",
            "timeouts": null,
            "user_data": "e6e37cadcc536bc935d5d6e25eb25941a4b66ff6",
            "user_data_base64": null,
            "user_data_replace_on_change": false,
            "volume_tags": null,
            "vpc_security_group_ids": [
              "sg-058ee3e00ad6eff55"
            ]
          },
          "sensitive_attributes": [],
          "private": "eyJlMmJmYjczMC1lY2FhLTExZTYtOGY4OC0zNDM2M2JjN2M0YzAiOnsiY3JlYXRlIjo2MDAwMDAwMDAwMDAsImRlbGV0ZSI6MTIwMDAwMDAwMDAwMCwidXBkYXRlIjo2MDAwMDAwMDAwMDB9LCJzY2hlbWFfdmVyc2lvbiI6IjEifQ==",
          "dependencies": [
            "aws_key_pair.generated_key",
            "aws_security_group.my_group_1",
            "tls_private_key.my-privatekey"
          ],
          "create_before_destroy": true
        }
      ]
    },
    {
      "mode": "managed",
      "type": "aws_instance",
      "name": "mysql_standalone",
      "provider": "provider[\"registry.terraform.io/hashicorp/aws\"]",
      "instances": [
        {
          "schema_version": 1,
          "attributes": {
            "ami": "ami-0c7217cdde317cfec",
            "arn": "arn:aws:ec2:us-east-1:254512934587:instance/i-03e8dc78d3e61ac65",
            "associate_public_ip_address": true,
            "availability_zone": "us-east-1a",
            "capacity_reservation_specification": [
              {
                "capacity_reservation_preference": "open",
                "capacity_reservation_target": []
              }
            ],
            "cpu_core_count": 1,
            "cpu_options": [
              {
                "amd_sev_snp": "",
                "core_count": 1,
                "threads_per_core": 1
              }
            ],
            "cpu_threads_per_core": 1,
            "credit_specification": [
              {
                "cpu_credits": "standard"
              }
            ],
            "disable_api_stop": false,
            "disable_api_termination": false,
            "ebs_block_device": [],
            "ebs_optimized": false,
            "enclave_options": [
              {
                "enabled": false
              }
            ],
            "ephemeral_block_device": [],
            "get_password_data": false,
            "hibernation": false,
            "host_id": "",
            "host_resource_group_arn": null,
            "iam_instance_profile": "",
            "id": "i-03e8dc78d3e61ac65",
            "instance_initiated_shutdown_behavior": "stop",
            "instance_lifecycle": "",
            "instance_market_options": [],
            "instance_state": "running",
            "instance_type": "t2.micro",
            "ipv6_address_count": 0,
            "ipv6_addresses": [],
            "key_name": "my_key_1",
            "launch_template": [],
            "maintenance_options": [
              {
                "auto_recovery": "default"
              }
            ],
            "metadata_options": [
              {
                "http_endpoint": "enabled",
                "http_protocol_ipv6": "disabled",
                "http_put_response_hop_limit": 1,
                "http_tokens": "optional",
                "instance_metadata_tags": "disabled"
              }
            ],
            "monitoring": false,
            "network_interface": [],
            "outpost_arn": "",
            "password_data": "",
            "placement_group": "",
            "placement_partition_number": 0,
            "primary_network_interface_id": "eni-0462ce466599cb467",
            "private_dns": "ip-172-31-88-156.ec2.internal",
            "private_dns_name_options": [
              {
                "enable_resource_name_dns_a_record": false,
                "enable_resource_name_dns_aaaa_record": false,
                "hostname_type": "ip-name"
              }
            ],
            "private_ip": "172.31.88.156",
            "public_dns": "ec2-100-24-44-51.compute-1.amazonaws.com",
            "public_ip": "100.24.44.51",
            "root_block_device": [
              {
                "delete_on_termination": true,
                "device_name": "/dev/sda1",
                "encrypted": false,
                "iops": 100,
                "kms_key_id": "",
                "tags": null,
                "throughput": 0,
                "volume_id": "vol-09414a9b9a652825c",
                "volume_size": 8,
                "volume_type": "gp2"
              }
            ],
            "secondary_private_ips": [],
            "security_groups": [
              "my_group_1"
            ],
            "source_dest_check": true,
            "spot_instance_request_id": "",
            "subnet_id": "subnet-066858b1c41340b49",
            "tags": {
              "Name": "standalone"
            },
            "tags_all": {
              "Name": "standalone"
            },
            "tenancy": "default",
            "timeouts": null,
            "user_data": "6630db5816f3851c54964f5f67efe0b34026d492",
            "user_data_base64": null,
            "user_data_replace_on_change": false,
            "volume_tags": null,
            "vpc_security_group_ids": [
              "sg-058ee3e00ad6eff55"
            ]
          },
          "sensitive_attributes": [],
          "private": "eyJlMmJmYjczMC1lY2FhLTExZTYtOGY4OC0zNDM2M2JjN2M0YzAiOnsiY3JlYXRlIjo2MDAwMDAwMDAwMDAsImRlbGV0ZSI6MTIwMDAwMDAwMDAwMCwidXBkYXRlIjo2MDAwMDAwMDAwMDB9LCJzY2hlbWFfdmVyc2lvbiI6IjEifQ==",
          "dependencies": [
            "aws_key_pair.generated_key",
            "aws_security_group.my_group_1",
            "tls_private_key.my-privatekey"
          ],
          "create_before_destroy": true
        }
      ]
    },
    {
      "mode": "managed",
      "type": "aws_instance",
      "name": "proxy",
      "provider": "provider[\"registry.terraform.io/hashicorp/aws\"]",
      "instances": [
        {
          "schema_version": 1,
          "attributes": {
            "ami": "ami-0c7217cdde317cfec",
            "arn": "arn:aws:ec2:us-east-1:254512934587:instance/i-05fdae6024b892de8",
            "associate_public_ip_address": true,
            "availability_zone": "us-east-1a",
            "capacity_reservation_specification": [
              {
                "capacity_reservation_preference": "open",
                "capacity_reservation_target": []
              }
            ],
            "cpu_core_count": 2,
            "cpu_options": [
              {
                "amd_sev_snp": "",
                "core_count": 2,
                "threads_per_core": 1
              }
            ],
            "cpu_threads_per_core": 1,
            "credit_specification": [
              {
                "cpu_credits": "standard"
              }
            ],
            "disable_api_stop": false,
            "disable_api_termination": false,
            "ebs_block_device": [],
            "ebs_optimized": false,
            "enclave_options": [
              {
                "enabled": false
              }
            ],
            "ephemeral_block_device": [],
            "get_password_data": false,
            "hibernation": false,
            "host_id": "",
            "host_resource_group_arn": null,
            "iam_instance_profile": "",
            "id": "i-05fdae6024b892de8",
            "instance_initiated_shutdown_behavior": "stop",
            "instance_lifecycle": "",
            "instance_market_options": [],
            "instance_state": "running",
            "instance_type": "t2.large",
            "ipv6_address_count": 0,
            "ipv6_addresses": [],
            "key_name": "tmp1",
            "launch_template": [],
            "maintenance_options": [
              {
                "auto_recovery": "default"
              }
            ],
            "metadata_options": [
              {
                "http_endpoint": "enabled",
                "http_protocol_ipv6": "disabled",
                "http_put_response_hop_limit": 1,
                "http_tokens": "optional",
                "instance_metadata_tags": "disabled"
              }
            ],
            "monitoring": false,
            "network_interface": [],
            "outpost_arn": "",
            "password_data": "",
            "placement_group": "",
            "placement_partition_number": 0,
            "primary_network_interface_id": "eni-0a837aa97d8d1a9e4",
            "private_dns": "ip-172-31-84-144.ec2.internal",
            "private_dns_name_options": [
              {
                "enable_resource_name_dns_a_record": false,
                "enable_resource_name_dns_aaaa_record": false,
                "hostname_type": "ip-name"
              }
            ],
            "private_ip": "172.31.84.144",
            "public_dns": "ec2-3-89-10-113.compute-1.amazonaws.com",
            "public_ip": "3.89.10.113",
            "root_block_device": [
              {
                "delete_on_termination": true,
                "device_name": "/dev/sda1",
                "encrypted": false,
                "iops": 100,
                "kms_key_id": "",
                "tags": null,
                "throughput": 0,
                "volume_id": "vol-04a60e3bd134bf84b",
                "volume_size": 8,
                "volume_type": "gp2"
              }
            ],
            "secondary_private_ips": [],
            "security_groups": [
              "my_proxy"
            ],
            "source_dest_check": true,
            "spot_instance_request_id": "",
            "subnet_id": "subnet-066858b1c41340b49",
            "tags": {
              "Name": "proxy"
            },
            "tags_all": {
              "Name": "proxy"
            },
            "tenancy": "default",
            "timeouts": null,
            "user_data": "353a0f8f22a423472122748f0efea030b1748af3",
            "user_data_base64": null,
            "user_data_replace_on_change": false,
            "volume_tags": null,
            "vpc_security_group_ids": [
              "sg-0a95723f9654f51c2"
            ]
          },
          "sensitive_attributes": [],
          "private": "eyJlMmJmYjczMC1lY2FhLTExZTYtOGY4OC0zNDM2M2JjN2M0YzAiOnsiY3JlYXRlIjo2MDAwMDAwMDAwMDAsImRlbGV0ZSI6MTIwMDAwMDAwMDAwMCwidXBkYXRlIjo2MDAwMDAwMDAwMDB9LCJzY2hlbWFfdmVyc2lvbiI6IjEifQ==",
          "dependencies": [
            "aws_security_group.my_proxy"
          ],
          "create_before_destroy": true
        }
      ]
    },
    {
      "mode": "managed",
      "type": "aws_instance",
      "name": "slave1",
      "provider": "provider[\"registry.terraform.io/hashicorp/aws\"]",
      "instances": [
        {
          "schema_version": 1,
          "attributes": {
            "ami": "ami-0c7217cdde317cfec",
            "arn": "arn:aws:ec2:us-east-1:254512934587:instance/i-007ec5642cd0a4324",
            "associate_public_ip_address": true,
            "availability_zone": "us-east-1a",
            "capacity_reservation_specification": [
              {
                "capacity_reservation_preference": "open",
                "capacity_reservation_target": []
              }
            ],
            "cpu_core_count": 1,
            "cpu_options": [
              {
                "amd_sev_snp": "",
                "core_count": 1,
                "threads_per_core": 1
              }
            ],
            "cpu_threads_per_core": 1,
            "credit_specification": [
              {
                "cpu_credits": "standard"
              }
            ],
            "disable_api_stop": false,
            "disable_api_termination": false,
            "ebs_block_device": [],
            "ebs_optimized": false,
            "enclave_options": [
              {
                "enabled": false
              }
            ],
            "ephemeral_block_device": [],
            "get_password_data": false,
            "hibernation": false,
            "host_id": "",
            "host_resource_group_arn": null,
            "iam_instance_profile": "",
            "id": "i-007ec5642cd0a4324",
            "instance_initiated_shutdown_behavior": "stop",
            "instance_lifecycle": "",
            "instance_market_options": [],
            "instance_state": "running",
            "instance_type": "t2.micro",
            "ipv6_address_count": 0,
            "ipv6_addresses": [],
            "key_name": "my_key_1",
            "launch_template": [],
            "maintenance_options": [
              {
                "auto_recovery": "default"
              }
            ],
            "metadata_options": [
              {
                "http_endpoint": "enabled",
                "http_protocol_ipv6": "disabled",
                "http_put_response_hop_limit": 1,
                "http_tokens": "optional",
                "instance_metadata_tags": "disabled"
              }
            ],
            "monitoring": false,
            "network_interface": [],
            "outpost_arn": "",
            "password_data": "",
            "placement_group": "",
            "placement_partition_number": 0,
            "primary_network_interface_id": "eni-034cbe641cea9ddf6",
            "private_dns": "ip-172-31-81-66.ec2.internal",
            "private_dns_name_options": [
              {
                "enable_resource_name_dns_a_record": false,
                "enable_resource_name_dns_aaaa_record": false,
                "hostname_type": "ip-name"
              }
            ],
            "private_ip": "172.31.81.66",
            "public_dns": "ec2-54-174-175-142.compute-1.amazonaws.com",
            "public_ip": "54.174.175.142",
            "root_block_device": [
              {
                "delete_on_termination": true,
                "device_name": "/dev/sda1",
                "encrypted": false,
                "iops": 100,
                "kms_key_id": "",
                "tags": null,
                "throughput": 0,
                "volume_id": "vol-08782184f3cf64b0e",
                "volume_size": 8,
                "volume_type": "gp2"
              }
            ],
            "secondary_private_ips": [],
            "security_groups": [
              "my_group_1"
            ],
            "source_dest_check": true,
            "spot_instance_request_id": "",
            "subnet_id": "subnet-066858b1c41340b49",
            "tags": {
              "Name": "slave1"
            },
            "tags_all": {
              "Name": "slave1"
            },
            "tenancy": "default",
            "timeouts": null,
            "user_data": "148a9a82c08b6f74aeccad54ac523397c6f0a862",
            "user_data_base64": null,
            "user_data_replace_on_change": false,
            "volume_tags": null,
            "vpc_security_group_ids": [
              "sg-058ee3e00ad6eff55"
            ]
          },
          "sensitive_attributes": [],
          "private": "eyJlMmJmYjczMC1lY2FhLTExZTYtOGY4OC0zNDM2M2JjN2M0YzAiOnsiY3JlYXRlIjo2MDAwMDAwMDAwMDAsImRlbGV0ZSI6MTIwMDAwMDAwMDAwMCwidXBkYXRlIjo2MDAwMDAwMDAwMDB9LCJzY2hlbWFfdmVyc2lvbiI6IjEifQ==",
          "dependencies": [
            "aws_key_pair.generated_key",
            "aws_security_group.my_group_1",
            "tls_private_key.my-privatekey"
          ],
          "create_before_destroy": true
        }
      ]
    },
    {
      "mode": "managed",
      "type": "aws_instance",
      "name": "slave2",
      "provider": "provider[\"registry.terraform.io/hashicorp/aws\"]",
      "instances": [
        {
          "schema_version": 1,
          "attributes": {
            "ami": "ami-0c7217cdde317cfec",
            "arn": "arn:aws:ec2:us-east-1:254512934587:instance/i-0b34c8433f586fe3d",
            "associate_public_ip_address": true,
            "availability_zone": "us-east-1a",
            "capacity_reservation_specification": [
              {
                "capacity_reservation_preference": "open",
                "capacity_reservation_target": []
              }
            ],
            "cpu_core_count": 1,
            "cpu_options": [
              {
                "amd_sev_snp": "",
                "core_count": 1,
                "threads_per_core": 1
              }
            ],
            "cpu_threads_per_core": 1,
            "credit_specification": [
              {
                "cpu_credits": "standard"
              }
            ],
            "disable_api_stop": false,
            "disable_api_termination": false,
            "ebs_block_device": [],
            "ebs_optimized": false,
            "enclave_options": [
              {
                "enabled": false
              }
            ],
            "ephemeral_block_device": [],
            "get_password_data": false,
            "hibernation": false,
            "host_id": "",
            "host_resource_group_arn": null,
            "iam_instance_profile": "",
            "id": "i-0b34c8433f586fe3d",
            "instance_initiated_shutdown_behavior": "stop",
            "instance_lifecycle": "",
            "instance_market_options": [],
            "instance_state": "running",
            "instance_type": "t2.micro",
            "ipv6_address_count": 0,
            "ipv6_addresses": [],
            "key_name": "my_key_1",
            "launch_template": [],
            "maintenance_options": [
              {
                "auto_recovery": "default"
              }
            ],
            "metadata_options": [
              {
                "http_endpoint": "enabled",
                "http_protocol_ipv6": "disabled",
                "http_put_response_hop_limit": 1,
                "http_tokens": "optional",
                "instance_metadata_tags": "disabled"
              }
            ],
            "monitoring": false,
            "network_interface": [],
            "outpost_arn": "",
            "password_data": "",
            "placement_group": "",
            "placement_partition_number": 0,
            "primary_network_interface_id": "eni-0dd3b12b43d17a42f",
            "private_dns": "ip-172-31-80-173.ec2.internal",
            "private_dns_name_options": [
              {
                "enable_resource_name_dns_a_record": false,
                "enable_resource_name_dns_aaaa_record": false,
                "hostname_type": "ip-name"
              }
            ],
            "private_ip": "172.31.80.173",
            "public_dns": "ec2-52-90-31-137.compute-1.amazonaws.com",
            "public_ip": "52.90.31.137",
            "root_block_device": [
              {
                "delete_on_termination": true,
                "device_name": "/dev/sda1",
                "encrypted": false,
                "iops": 100,
                "kms_key_id": "",
                "tags": null,
                "throughput": 0,
                "volume_id": "vol-0fba71962c3ceb254",
                "volume_size": 8,
                "volume_type": "gp2"
              }
            ],
            "secondary_private_ips": [],
            "security_groups": [
              "my_group_1"
            ],
            "source_dest_check": true,
            "spot_instance_request_id": "",
            "subnet_id": "subnet-066858b1c41340b49",
            "tags": {
              "Name": "slave2"
            },
            "tags_all": {
              "Name": "slave2"
            },
            "tenancy": "default",
            "timeouts": null,
            "user_data": "148a9a82c08b6f74aeccad54ac523397c6f0a862",
            "user_data_base64": null,
            "user_data_replace_on_change": false,
            "volume_tags": null,
            "vpc_security_group_ids": [
              "sg-058ee3e00ad6eff55"
            ]
          },
          "sensitive_attributes": [],
          "private": "eyJlMmJmYjczMC1lY2FhLTExZTYtOGY4OC0zNDM2M2JjN2M0YzAiOnsiY3JlYXRlIjo2MDAwMDAwMDAwMDAsImRlbGV0ZSI6MTIwMDAwMDAwMDAwMCwidXBkYXRlIjo2MDAwMDAwMDAwMDB9LCJzY2hlbWFfdmVyc2lvbiI6IjEifQ==",
          "dependencies": [
            "aws_key_pair.generated_key",
            "aws_security_group.my_group_1",
            "tls_private_key.my-privatekey"
          ],
          "create_before_destroy": true
        }
      ]
    },
    {
      "mode": "managed",
      "type": "aws_instance",
      "name": "slave3",
      "provider": "provider[\"registry.terraform.io/hashicorp/aws\"]",
      "instances": [
        {
          "schema_version": 1,
          "attributes": {
            "ami": "ami-0c7217cdde317cfec",
            "arn": "arn:aws:ec2:us-east-1:254512934587:instance/i-0e7a0368ebae6b8b9",
            "associate_public_ip_address": true,
            "availability_zone": "us-east-1a",
            "capacity_reservation_specification": [
              {
                "capacity_reservation_preference": "open",
                "capacity_reservation_target": []
              }
            ],
            "cpu_core_count": 1,
            "cpu_options": [
              {
                "amd_sev_snp": "",
                "core_count": 1,
                "threads_per_core": 1
              }
            ],
            "cpu_threads_per_core": 1,
            "credit_specification": [
              {
                "cpu_credits": "standard"
              }
            ],
            "disable_api_stop": false,
            "disable_api_termination": false,
            "ebs_block_device": [],
            "ebs_optimized": false,
            "enclave_options": [
              {
                "enabled": false
              }
            ],
            "ephemeral_block_device": [],
            "get_password_data": false,
            "hibernation": false,
            "host_id": "",
            "host_resource_group_arn": null,
            "iam_instance_profile": "",
            "id": "i-0e7a0368ebae6b8b9",
            "instance_initiated_shutdown_behavior": "stop",
            "instance_lifecycle": "",
            "instance_market_options": [],
            "instance_state": "running",
            "instance_type": "t2.micro",
            "ipv6_address_count": 0,
            "ipv6_addresses": [],
            "key_name": "my_key_1",
            "launch_template": [],
            "maintenance_options": [
              {
                "auto_recovery": "default"
              }
            ],
            "metadata_options": [
              {
                "http_endpoint": "enabled",
                "http_protocol_ipv6": "disabled",
                "http_put_response_hop_limit": 1,
                "http_tokens": "optional",
                "instance_metadata_tags": "disabled"
              }
            ],
            "monitoring": false,
            "network_interface": [],
            "outpost_arn": "",
            "password_data": "",
            "placement_group": "",
            "placement_partition_number": 0,
            "primary_network_interface_id": "eni-093c19cb37e93d754",
            "private_dns": "ip-172-31-94-84.ec2.internal",
            "private_dns_name_options": [
              {
                "enable_resource_name_dns_a_record": false,
                "enable_resource_name_dns_aaaa_record": false,
                "hostname_type": "ip-name"
              }
            ],
            "private_ip": "172.31.94.84",
            "public_dns": "ec2-52-87-246-232.compute-1.amazonaws.com",
            "public_ip": "52.87.246.232",
            "root_block_device": [
              {
                "delete_on_termination": true,
                "device_name": "/dev/sda1",
                "encrypted": false,
                "iops": 100,
                "kms_key_id": "",
                "tags": null,
                "throughput": 0,
                "volume_id": "vol-0d382e25f962e999a",
                "volume_size": 8,
                "volume_type": "gp2"
              }
            ],
            "secondary_private_ips": [],
            "security_groups": [
              "my_group_1"
            ],
            "source_dest_check": true,
            "spot_instance_request_id": "",
            "subnet_id": "subnet-066858b1c41340b49",
            "tags": {
              "Name": "slave3"
            },
            "tags_all": {
              "Name": "slave3"
            },
            "tenancy": "default",
            "timeouts": null,
            "user_data": "148a9a82c08b6f74aeccad54ac523397c6f0a862",
            "user_data_base64": null,
            "user_data_replace_on_change": false,
            "volume_tags": null,
            "vpc_security_group_ids": [
              "sg-058ee3e00ad6eff55"
            ]
          },
          "sensitive_attributes": [],
          "private": "eyJlMmJmYjczMC1lY2FhLTExZTYtOGY4OC0zNDM2M2JjN2M0YzAiOnsiY3JlYXRlIjo2MDAwMDAwMDAwMDAsImRlbGV0ZSI6MTIwMDAwMDAwMDAwMCwidXBkYXRlIjo2MDAwMDAwMDAwMDB9LCJzY2hlbWFfdmVyc2lvbiI6IjEifQ==",
          "dependencies": [
            "aws_key_pair.generated_key",
            "aws_security_group.my_group_1",
            "tls_private_key.my-privatekey"
          ],
          "create_before_destroy": true
        }
      ]
    },
    {
      "mode": "managed",
      "type": "aws_key_pair",
      "name": "generated_key",
      "provider": "provider[\"registry.terraform.io/hashicorp/aws\"]",
      "instances": [
        {
          "schema_version": 1,
          "attributes": {
            "arn": "arn:aws:ec2:us-east-1:254512934587:key-pair/my_key_1",
            "fingerprint": "e7:a4:5e:16:0c:7a:ce:5d:8b:b8:3f:1d:3c:c6:e1:03",
            "id": "my_key_1",
            "key_name": "my_key_1",
            "key_name_prefix": "",
            "key_pair_id": "key-0823b13608a79811d",
            "key_type": "rsa",
            "public_key": "ssh-rsa AAAAB3NzaC1yc2EAAAADAQABAAACAQDGlUrFhsnHSjTHaK5vIETY+Zq/NANpFSOdVMRrwgldVStfC8fJpOoTwvMzyYpOyZRNtsMMbpBQ2N6V5nwYmW7n/CyMQX/YwB8YRwvG6d+cvIDVnevfE1C9zFdWvVOTGBjdeOPnLWpnKh4kpabBrFWq5HXXWRHc8eIKr0WECo5qcg/xxYjKwPJRifEqjl6w5nRdcFRT1s727LFCGb+OoCB87sMK64HWm+xILuZW6rI0lbRDLPu/WwJVoQ+icqPjQNszfq9T0Q9ovrvXZw45kvvdAugBfJ2Vfht8w/j44X3C6O4qeQFSLo+DT0VetehAojOPDQBxV6jWJgVzTdsRtbPTsqGce/w0zl82b4G/rYyUPNyumpmswJXFoHDMZay1GKOO7jZ8Dawh/N4u8uaOJTMKX6NGWeJ3hwbhJYy0ELGAOaJKNisqlm9ISinvTrZ64L4MXqegMnyNT+nXLjzeMoWeWvXE+sgCRNzKeq/aBmXzUbE5UroJ4FP1n0k1X3uriAR83/6wccchwoqTfD1Z75fqKnGqrEWaw9a58zWcyJ0WPd5RT6FtXxsHUekL7KjFnuzlNAsmt8mDw+NWjqW+X/hgHRg/qwqQFf2dVaQWuA0qUsk65hxpO+ZYVePxKor1j4AP5nOj71Y7USeLkl0LyzI+ie1uf0NQBkzguHIqGPp1jw==",
            "tags": null,
            "tags_all": {}
          },
          "sensitive_attributes": [],
          "private": "eyJzY2hlbWFfdmVyc2lvbiI6IjEifQ==",
          "dependencies": [
            "tls_private_key.my-privatekey"
          ],
          "create_before_destroy": true
        }
      ]
    },
    {
      "mode": "managed",
      "type": "aws_security_group",
      "name": "my_group_1",
      "provider": "provider[\"registry.terraform.io/hashicorp/aws\"]",
      "instances": [
        {
          "schema_version": 1,
          "attributes": {
            "arn": "arn:aws:ec2:us-east-1:254512934587:security-group/sg-058ee3e00ad6eff55",
            "description": "Allow SSH inbound traffic",
            "egress": [
              {
                "cidr_blocks": [
                  "0.0.0.0/0"
                ],
                "description": "",
                "from_port": 0,
                "ipv6_cidr_blocks": [
                  "::/0"
                ],
                "prefix_list_ids": [],
                "protocol": "-1",
                "security_groups": [],
                "self": false,
                "to_port": 0
              }
            ],
            "id": "sg-058ee3e00ad6eff55",
            "ingress": [
              {
                "cidr_blocks": [
                  "0.0.0.0/0"
                ],
                "description": "",
                "from_port": 0,
                "ipv6_cidr_blocks": [
                  "::/0"
                ],
                "prefix_list_ids": [],
                "protocol": "-1",
                "security_groups": [],
                "self": false,
                "to_port": 0
              }
            ],
            "name": "my_group_1",
            "name_prefix": "",
            "owner_id": "254512934587",
            "revoke_rules_on_delete": false,
            "tags": null,
            "tags_all": {},
            "timeouts": null,
            "vpc_id": "vpc-02d0c8c2ce263e232"
          },
          "sensitive_attributes": [],
          "private": "eyJlMmJmYjczMC1lY2FhLTExZTYtOGY4OC0zNDM2M2JjN2M0YzAiOnsiY3JlYXRlIjo2MDAwMDAwMDAwMDAsImRlbGV0ZSI6OTAwMDAwMDAwMDAwfSwic2NoZW1hX3ZlcnNpb24iOiIxIn0=",
          "create_before_destroy": true
        }
      ]
    },
    {
      "mode": "managed",
      "type": "aws_security_group",
      "name": "my_proxy",
      "provider": "provider[\"registry.terraform.io/hashicorp/aws\"]",
      "instances": [
        {
          "schema_version": 1,
          "attributes": {
            "arn": "arn:aws:ec2:us-east-1:254512934587:security-group/sg-0a95723f9654f51c2",
            "description": "Allow SSH inbound traffic",
            "egress": [
              {
                "cidr_blocks": [
                  "0.0.0.0/0"
                ],
                "description": "",
                "from_port": 0,
                "ipv6_cidr_blocks": [
                  "::/0"
                ],
                "prefix_list_ids": [],
                "protocol": "-1",
                "security_groups": [],
                "self": false,
                "to_port": 0
              }
            ],
            "id": "sg-0a95723f9654f51c2",
            "ingress": [
              {
                "cidr_blocks": [
                  "0.0.0.0/0"
                ],
                "description": "",
                "from_port": 0,
                "ipv6_cidr_blocks": [
                  "::/0"
                ],
                "prefix_list_ids": [],
                "protocol": "-1",
                "security_groups": [],
                "self": false,
                "to_port": 0
              }
            ],
            "name": "my_proxy",
            "name_prefix": "",
            "owner_id": "254512934587",
            "revoke_rules_on_delete": false,
            "tags": null,
            "tags_all": {},
            "timeouts": null,
            "vpc_id": "vpc-02d0c8c2ce263e232"
          },
          "sensitive_attributes": [],
          "private": "eyJlMmJmYjczMC1lY2FhLTExZTYtOGY4OC0zNDM2M2JjN2M0YzAiOnsiY3JlYXRlIjo2MDAwMDAwMDAwMDAsImRlbGV0ZSI6OTAwMDAwMDAwMDAwfSwic2NoZW1hX3ZlcnNpb24iOiIxIn0=",
          "create_before_destroy": true
        }
      ]
    },
    {
      "mode": "managed",
      "type": "tls_private_key",
      "name": "my-privatekey",
      "provider": "provider[\"registry.terraform.io/hashicorp/tls\"]",
      "instances": [
        {
          "schema_version": 1,
          "attributes": {
            "algorithm": "RSA",
            "ecdsa_curve": "P224",
            "id": "4b94bf023e6b8ee6f7e586a43302ad4c5ffaa746",
            "private_key_openssh": "-----BEGIN OPENSSH PRIVATE KEY-----\nb3BlbnNzaC1rZXktdjEAAAAABG5vbmUAAAAEbm9uZQAAAAAAAAABAAACFwAAAAdz\nc2gtcnNhAAAAAwEAAQAAAgEAxpVKxYbJx0o0x2iubyBE2PmavzQDaRUjnVTEa8IJ\nXVUrXwvHyaTqE8LzM8mKTsmUTbbDDG6QUNjeleZ8GJlu5/wsjEF/2MAfGEcLxunf\nnLyA1Z3r3xNQvcxXVr1TkxgY3Xjj5y1qZyoeJKWmwaxVquR111kR3PHiCq9FhAqO\nanIP8cWIysDyUYnxKo5esOZ0XXBUU9bO9uyxQhm/jqAgfO7DCuuB1pvsSC7mVuqy\nNJW0Qyz7v1sCVaEPonKj40DbM36vU9EPaL6712cOOZL73QLoAXydlX4bfMP4+OF9\nwujuKnkBUi6Pg09FXrXoQKIzjw0AcVeo1iYFc03bEbWz07KhnHv8NM5fNm+Bv62M\nlDzcrpqZrMCVxaBwzGWstRijju42fA2sIfzeLvLmjiUzCl+jRlnid4cG4SWMtBCx\ngDmiSjYrKpZvSEop7062euC+DF6noDJ8jU/p1y483jKFnlr1xPrIAkTcynqv2gZl\n81GxOVK6CeBT9Z9JNV97q4gEfN/+sHHHIcKKk3w9We+X6ipxqqxFmsPWufM1nMid\nFj3eUU+hbV8bB1HpC+yoxZ7s5TQLJrfJg8PjVo6lvl/4YB0YP6sKkBX9nVWkFrgN\nKlLJOuYcaTvmWFXj8SqK9Y+AD+Zzo+9WO1Eni5JdC8syPontbn9DUAZM4LhyKhj6\ndY8AAAc4SwRRvksEUb4AAAAHc3NoLXJzYQAAAgEAxpVKxYbJx0o0x2iubyBE2Pma\nvzQDaRUjnVTEa8IJXVUrXwvHyaTqE8LzM8mKTsmUTbbDDG6QUNjeleZ8GJlu5/ws\njEF/2MAfGEcLxunfnLyA1Z3r3xNQvcxXVr1TkxgY3Xjj5y1qZyoeJKWmwaxVquR1\n11kR3PHiCq9FhAqOanIP8cWIysDyUYnxKo5esOZ0XXBUU9bO9uyxQhm/jqAgfO7D\nCuuB1pvsSC7mVuqyNJW0Qyz7v1sCVaEPonKj40DbM36vU9EPaL6712cOOZL73QLo\nAXydlX4bfMP4+OF9wujuKnkBUi6Pg09FXrXoQKIzjw0AcVeo1iYFc03bEbWz07Kh\nnHv8NM5fNm+Bv62MlDzcrpqZrMCVxaBwzGWstRijju42fA2sIfzeLvLmjiUzCl+j\nRlnid4cG4SWMtBCxgDmiSjYrKpZvSEop7062euC+DF6noDJ8jU/p1y483jKFnlr1\nxPrIAkTcynqv2gZl81GxOVK6CeBT9Z9JNV97q4gEfN/+sHHHIcKKk3w9We+X6ipx\nqqxFmsPWufM1nMidFj3eUU+hbV8bB1HpC+yoxZ7s5TQLJrfJg8PjVo6lvl/4YB0Y\nP6sKkBX9nVWkFrgNKlLJOuYcaTvmWFXj8SqK9Y+AD+Zzo+9WO1Eni5JdC8syPont\nbn9DUAZM4LhyKhj6dY8AAAADAQABAAACAQCiBm1bfP5lfEZT7TVltg52ejGoj+e4\ndWb5l5Ar28WIQVWB1zrLa6MRPJ7yQh526kH2poe+PPfC/y+dXtEhwQ6ceURfq5GE\naDz2sgEJ6whn+eWkZZVuDXRzZ6ZbP15RRfgDu/83P/bw9YximkXU/6dmJ8F+U04f\n17t2vEsb0QEiGK6ptWJHC+aqYMJE1qSr8VxAYMZtIXb8QWLfa+K/nCblyGmbH0xw\nrge7XYjSoeuEvCC4Lpu5Jahh9WesQ500blZrTZH/8TOBYx4gQhV5JFQbn6NskyCA\nOMR0p/EcH99ciHDKdrB9PUAbAzK2c/VrxuwKa7FQyRUYpS0NRxjW+kodngtqSN/L\nEBNf+zRluvVZXbslT3FBxemvAPFuWg74Iy5HBXpkpnWnfWptIRvZ3P1XZ6kskSoH\nX2AcPGoKa5i85QrWVCV1WELXheUHH6bIBLeJZULAOSgD9krkK3goVGv2tzz5z/0w\nhBNfOXKnkxuMKODm30ef9FKtMtV9iKVuQqA03IXv/iSiiD8FH4XQCAtZ3nYqLj2X\nosgGLEP4IFYEnx2GCPyuMbS1wCjq3oQaJSAzXdqVQYR2A0rLjMFzbP50eASEduJl\nZIA6JxerfCN3cLK/U50t+Tv1E+Pfxm9Jvv9dmojW2qj2f6woPeqtjAZMcYCJuJFQ\n7IFQ40cTw6eLAQAAAQASgjy63rfkv9PmFLjYEyXYFvQ3OHvtrefCoiWPDDL/itYX\nSZfGAl9ZmA8rKEUh+E4/Po2dvYVwmBqUQvgYQsa+rwdTKxenawU+qQAOVW1j/EuV\n58TynVOQ9aXIIzZB+wP7KbrTi51d3h3RQcAly49wn3FwMxQcIv8R8w4hr/yEE6xw\ns4QbamrvYxY4mXPA84+ugAzm5cgrnFBCV/ofeqWGyz+CmUjtkIVXL779/4+X1H+Z\nA4arE0nHKQv8UnQQ40U+jgCPEJ4Sb1z/WYCJZD3Nm7dCPOJ+9FPmd563+B0sSiYG\njUx87ZSzql8eeHfmaoTZm8encGy1+tScIfKul0wQAAABAQD8A9DQ0TjIXaCJ5s3h\ncrCsZBcH7xkJCpzGyDmo9iClBY8aVefPyDcP1vscFaAFTEhh9Y1XdxKjKwI9POqb\nL3ipSqnLeQcztU9tV1Gc9fyc376/0s2Ex0z0zWg2CwR3NGo259INf4bimJiCRnJQ\nf+YqfGfSi/S3xVYylTT8d08QqgkXS0cbNE98ToAa30K6sZr40KjT8H0f1p+GN9iE\nGLQl53KjW132sQeYhg/93CgdQIN1IRk3XCG/NbDu++RLmYGfBJm9cQXNRtGoNWcb\nWvvPOahGphwmZ2iiBQFhslHXEEh2oqL+XYeoBI2AA8u0LzS6sGI66QoqK57uwS0r\njFBTAAABAQDJuS3GFUme6LCjK95rm42uGA96qKf7W2no+gDVi3FvS/zSfd5jJUSc\nW7gmcCF7QG+ym2UVAH68c0FHkrQPdeLOWhmaqwumep/PgrxP8VPtKInYEhPPEQhy\nBSxfeGG27i6cOTkvM/NVr2uqf+u+KBW2FLlLQYr9axKbHEDkw8DtjkZzsuRW7zLi\nCIkzDFwUv9i41EnUKKi+9yy2esIaKm4YaeZNRo/gDPhFRCNFIiMN4UW4G0rNDuXj\nRscP5efzpyxdUz5ixCXnZ3GPUcuNnFVUoeFWjgouRFhDdF4KWC3XCImSj/aBv3m1\niIb8Waey4EwvYxCW87xLksq6aN92G85VAAAAAAEC\n-----END OPENSSH PRIVATE KEY-----\n",
            "private_key_pem": "-----BEGIN RSA PRIVATE KEY-----\nMIIJKAIBAAKCAgEAxpVKxYbJx0o0x2iubyBE2PmavzQDaRUjnVTEa8IJXVUrXwvH\nyaTqE8LzM8mKTsmUTbbDDG6QUNjeleZ8GJlu5/wsjEF/2MAfGEcLxunfnLyA1Z3r\n3xNQvcxXVr1TkxgY3Xjj5y1qZyoeJKWmwaxVquR111kR3PHiCq9FhAqOanIP8cWI\nysDyUYnxKo5esOZ0XXBUU9bO9uyxQhm/jqAgfO7DCuuB1pvsSC7mVuqyNJW0Qyz7\nv1sCVaEPonKj40DbM36vU9EPaL6712cOOZL73QLoAXydlX4bfMP4+OF9wujuKnkB\nUi6Pg09FXrXoQKIzjw0AcVeo1iYFc03bEbWz07KhnHv8NM5fNm+Bv62MlDzcrpqZ\nrMCVxaBwzGWstRijju42fA2sIfzeLvLmjiUzCl+jRlnid4cG4SWMtBCxgDmiSjYr\nKpZvSEop7062euC+DF6noDJ8jU/p1y483jKFnlr1xPrIAkTcynqv2gZl81GxOVK6\nCeBT9Z9JNV97q4gEfN/+sHHHIcKKk3w9We+X6ipxqqxFmsPWufM1nMidFj3eUU+h\nbV8bB1HpC+yoxZ7s5TQLJrfJg8PjVo6lvl/4YB0YP6sKkBX9nVWkFrgNKlLJOuYc\naTvmWFXj8SqK9Y+AD+Zzo+9WO1Eni5JdC8syPontbn9DUAZM4LhyKhj6dY8CAwEA\nAQKCAgEAogZtW3z+ZXxGU+01ZbYOdnoxqI/nuHVm+ZeQK9vFiEFVgdc6y2ujETye\n8kIedupB9qaHvjz3wv8vnV7RIcEOnHlEX6uRhGg89rIBCesIZ/nlpGWVbg10c2em\nWz9eUUX4A7v/Nz/28PWMYppF1P+nZifBflNOH9e7drxLG9EBIhiuqbViRwvmqmDC\nRNakq/FcQGDGbSF2/EFi32viv5wm5chpmx9McK4Hu12I0qHrhLwguC6buSWoYfVn\nrEOdNG5Wa02R//EzgWMeIEIVeSRUG5+jbJMggDjEdKfxHB/fXIhwynawfT1AGwMy\ntnP1a8bsCmuxUMkVGKUtDUcY1vpKHZ4LakjfyxATX/s0Zbr1WV27JU9xQcXprwDx\nbloO+CMuRwV6ZKZ1p31qbSEb2dz9V2epLJEqB19gHDxqCmuYvOUK1lQldVhC14Xl\nBx+myAS3iWVCwDkoA/ZK5Ct4KFRr9rc8+c/9MIQTXzlyp5MbjCjg5t9Hn/RSrTLV\nfYilbkKgNNyF7/4koog/BR+F0AgLWd52Ki49l6LIBixD+CBWBJ8dhgj8rjG0tcAo\n6t6EGiUgM13alUGEdgNKy4zBc2z+dHgEhHbiZWSAOicXq3wjd3Cyv1OdLfk79RPj\n38ZvSb7/XZqI1tqo9n+sKD3qrYwGTHGAibiRUOyBUONHE8OniwECggEBAPwD0NDR\nOMhdoInmzeFysKxkFwfvGQkKnMbIOaj2IKUFjxpV58/INw/W+xwVoAVMSGH1jVd3\nEqMrAj086psveKlKqct5BzO1T21XUZz1/Jzfvr/SzYTHTPTNaDYLBHc0ajbn0g1/\nhuKYmIJGclB/5ip8Z9KL9LfFVjKVNPx3TxCqCRdLRxs0T3xOgBrfQrqxmvjQqNPw\nfR/Wn4Y32IQYtCXncqNbXfaxB5iGD/3cKB1Ag3UhGTdcIb81sO775EuZgZ8Emb1x\nBc1G0ag1Zxta+885qEamHCZnaKIFAWGyUdcQSHaiov5dh6gEjYADy7QvNLqwYjrp\nCiornu7BLSuMUFMCggEBAMm5LcYVSZ7osKMr3mubja4YD3qop/tbaej6ANWLcW9L\n/NJ93mMlRJxbuCZwIXtAb7KbZRUAfrxzQUeStA914s5aGZqrC6Z6n8+CvE/xU+0o\nidgSE88RCHIFLF94YbbuLpw5OS8z81Wva6p/674oFbYUuUtBiv1rEpscQOTDwO2O\nRnOy5FbvMuIIiTMMXBS/2LjUSdQoqL73LLZ6whoqbhhp5k1Gj+AM+EVEI0UiIw3h\nRbgbSs0O5eNGxw/l5/OnLF1TPmLEJedncY9Ry42cVVSh4VaOCi5EWEN0XgpYLdcI\niZKP9oG/ebWIhvxZp7LgTC9jEJbzvEuSyrpo33YbzlUCggEARzZw0ED+0aebULx2\nmulEwUH7PBO1OFfWW1mC6Zq7OMZsXJ2/xngmDwTJqnL15+lZXsz7ZqbQDml91X4c\nMUPlzbi6aDPH9DWcvyH4fukHu/CBv0S7LHUA6wAMHZFZbrHR/bfeJFBP9kH2foGX\nleW+TW0gDV/dA/zwUZTWBy1TmzrhHML50dcjStYH3xANlCHRz9NukY0YXmHQbCXl\nudYdOcTAIScVUztNES144VxPvYxYWUXEEV+obZana7CkHzS+awfqxZxlbk8/uU91\n1kYMd88sHOKde8Cm0XmmnUu9Uo9YWqW0dzpIthKrRWxNKJpaRRLIfysQ4z+2RnMx\n52db3wKCAQA3rMxdZ3KyUTavUmRI/t3TtwBOsk3qqghJLPcd+SaNuUNGNUczxg1x\nuj7RHRGgmuA5Q3pamZBhIs5ZmrvnqHm4ylVWwu6sPBvvgf3HcqvfQNkKsbKV6/WQ\nwqzEjM0rWAG1THXj+Uqn04q7vCKskROs9XtOsgBSgULZXKrseLq+1g3L0QwEknBQ\nwlpbpIWllG2UVcMqsy4fxsiodKkt35gTVOcjXN5I0EuVkoDJi+pw4kQD1ESI5Bu+\n5sH6OVIThYhRGbCWQdzUSVCmZcTwiL1kZmlzIjDdJC/YLj3mTQAZ4VlXAjTfCqHk\n4JGhBH2seQuN6KGjiBHoKdOaL2e9iV8hAoIBABKCPLret+S/0+YUuNgTJdgW9Dc4\ne+2t58KiJY8MMv+K1hdJl8YCX1mYDysoRSH4Tj8+jZ29hXCYGpRC+BhCxr6vB1Mr\nF6drBT6pAA5VbWP8S5XnxPKdU5D1pcgjNkH7A/sputOLnV3eHdFBwCXLj3CfcXAz\nFBwi/xHzDiGv/IQTrHCzhBtqau9jFjiZc8Dzj66ADOblyCucUEJX+h96pYbLP4KZ\nSO2QhVcvvv3/j5fUf5kDhqsTSccpC/xSdBDjRT6OAI8QnhJvXP9ZgIlkPc2bt0I8\n4n70U+Z3nrf4HSxKJgaNTHztlLOqXx54d+ZqhNmbx6dwbLX61Jwh8q6XTBA=\n-----END RSA PRIVATE KEY-----\n",
            "private_key_pem_pkcs8": "-----BEGIN PRIVATE KEY-----\nMIIJQgIBADANBgkqhkiG9w0BAQEFAASCCSwwggkoAgEAAoICAQDGlUrFhsnHSjTH\naK5vIETY+Zq/NANpFSOdVMRrwgldVStfC8fJpOoTwvMzyYpOyZRNtsMMbpBQ2N6V\n5nwYmW7n/CyMQX/YwB8YRwvG6d+cvIDVnevfE1C9zFdWvVOTGBjdeOPnLWpnKh4k\npabBrFWq5HXXWRHc8eIKr0WECo5qcg/xxYjKwPJRifEqjl6w5nRdcFRT1s727LFC\nGb+OoCB87sMK64HWm+xILuZW6rI0lbRDLPu/WwJVoQ+icqPjQNszfq9T0Q9ovrvX\nZw45kvvdAugBfJ2Vfht8w/j44X3C6O4qeQFSLo+DT0VetehAojOPDQBxV6jWJgVz\nTdsRtbPTsqGce/w0zl82b4G/rYyUPNyumpmswJXFoHDMZay1GKOO7jZ8Dawh/N4u\n8uaOJTMKX6NGWeJ3hwbhJYy0ELGAOaJKNisqlm9ISinvTrZ64L4MXqegMnyNT+nX\nLjzeMoWeWvXE+sgCRNzKeq/aBmXzUbE5UroJ4FP1n0k1X3uriAR83/6wccchwoqT\nfD1Z75fqKnGqrEWaw9a58zWcyJ0WPd5RT6FtXxsHUekL7KjFnuzlNAsmt8mDw+NW\njqW+X/hgHRg/qwqQFf2dVaQWuA0qUsk65hxpO+ZYVePxKor1j4AP5nOj71Y7USeL\nkl0LyzI+ie1uf0NQBkzguHIqGPp1jwIDAQABAoICAQCiBm1bfP5lfEZT7TVltg52\nejGoj+e4dWb5l5Ar28WIQVWB1zrLa6MRPJ7yQh526kH2poe+PPfC/y+dXtEhwQ6c\neURfq5GEaDz2sgEJ6whn+eWkZZVuDXRzZ6ZbP15RRfgDu/83P/bw9YximkXU/6dm\nJ8F+U04f17t2vEsb0QEiGK6ptWJHC+aqYMJE1qSr8VxAYMZtIXb8QWLfa+K/nCbl\nyGmbH0xwrge7XYjSoeuEvCC4Lpu5Jahh9WesQ500blZrTZH/8TOBYx4gQhV5JFQb\nn6NskyCAOMR0p/EcH99ciHDKdrB9PUAbAzK2c/VrxuwKa7FQyRUYpS0NRxjW+kod\nngtqSN/LEBNf+zRluvVZXbslT3FBxemvAPFuWg74Iy5HBXpkpnWnfWptIRvZ3P1X\nZ6kskSoHX2AcPGoKa5i85QrWVCV1WELXheUHH6bIBLeJZULAOSgD9krkK3goVGv2\ntzz5z/0whBNfOXKnkxuMKODm30ef9FKtMtV9iKVuQqA03IXv/iSiiD8FH4XQCAtZ\n3nYqLj2XosgGLEP4IFYEnx2GCPyuMbS1wCjq3oQaJSAzXdqVQYR2A0rLjMFzbP50\neASEduJlZIA6JxerfCN3cLK/U50t+Tv1E+Pfxm9Jvv9dmojW2qj2f6woPeqtjAZM\ncYCJuJFQ7IFQ40cTw6eLAQKCAQEA/APQ0NE4yF2giebN4XKwrGQXB+8ZCQqcxsg5\nqPYgpQWPGlXnz8g3D9b7HBWgBUxIYfWNV3cSoysCPTzqmy94qUqpy3kHM7VPbVdR\nnPX8nN++v9LNhMdM9M1oNgsEdzRqNufSDX+G4piYgkZyUH/mKnxn0ov0t8VWMpU0\n/HdPEKoJF0tHGzRPfE6AGt9CurGa+NCo0/B9H9afhjfYhBi0Jedyo1td9rEHmIYP\n/dwoHUCDdSEZN1whvzWw7vvkS5mBnwSZvXEFzUbRqDVnG1r7zzmoRqYcJmdoogUB\nYbJR1xBIdqKi/l2HqASNgAPLtC80urBiOukKKiue7sEtK4xQUwKCAQEAybktxhVJ\nnuiwoyvea5uNrhgPeqin+1tp6PoA1Ytxb0v80n3eYyVEnFu4JnAhe0BvsptlFQB+\nvHNBR5K0D3XizloZmqsLpnqfz4K8T/FT7SiJ2BITzxEIcgUsX3hhtu4unDk5LzPz\nVa9rqn/rvigVthS5S0GK/WsSmxxA5MPA7Y5Gc7LkVu8y4giJMwxcFL/YuNRJ1Cio\nvvcstnrCGipuGGnmTUaP4Az4RUQjRSIjDeFFuBtKzQ7l40bHD+Xn86csXVM+YsQl\n52dxj1HLjZxVVKHhVo4KLkRYQ3ReClgt1wiJko/2gb95tYiG/FmnsuBML2MQlvO8\nS5LKumjfdhvOVQKCAQBHNnDQQP7Rp5tQvHaa6UTBQfs8E7U4V9ZbWYLpmrs4xmxc\nnb/GeCYPBMmqcvXn6VlezPtmptAOaX3VfhwxQ+XNuLpoM8f0NZy/Ifh+6Qe78IG/\nRLssdQDrAAwdkVlusdH9t94kUE/2QfZ+gZeV5b5NbSANX90D/PBRlNYHLVObOuEc\nwvnR1yNK1gffEA2UIdHP026RjRheYdBsJeW51h05xMAhJxVTO00RLXjhXE+9jFhZ\nRcQRX6htlqdrsKQfNL5rB+rFnGVuTz+5T3XWRgx3zywc4p17wKbReaadS71Sj1ha\npbR3Oki2EqtFbE0omlpFEsh/KxDjP7ZGczHnZ1vfAoIBADeszF1ncrJRNq9SZEj+\n3dO3AE6yTeqqCEks9x35Jo25Q0Y1RzPGDXG6PtEdEaCa4DlDelqZkGEizlmau+eo\nebjKVVbC7qw8G++B/cdyq99A2QqxspXr9ZDCrMSMzStYAbVMdeP5SqfTiru8IqyR\nE6z1e06yAFKBQtlcqux4ur7WDcvRDASScFDCWlukhaWUbZRVwyqzLh/GyKh0qS3f\nmBNU5yNc3kjQS5WSgMmL6nDiRAPURIjkG77mwfo5UhOFiFEZsJZB3NRJUKZlxPCI\nvWRmaXMiMN0kL9guPeZNABnhWVcCNN8KoeTgkaEEfax5C43ooaOIEegp05ovZ72J\nXyECggEAEoI8ut635L/T5hS42BMl2Bb0Nzh77a3nwqIljwwy/4rWF0mXxgJfWZgP\nKyhFIfhOPz6Nnb2FcJgalEL4GELGvq8HUysXp2sFPqkADlVtY/xLlefE8p1TkPWl\nyCM2QfsD+ym604udXd4d0UHAJcuPcJ9xcDMUHCL/EfMOIa/8hBOscLOEG2pq72MW\nOJlzwPOProAM5uXIK5xQQlf6H3qlhss/gplI7ZCFVy++/f+Pl9R/mQOGqxNJxykL\n/FJ0EONFPo4AjxCeEm9c/1mAiWQ9zZu3QjzifvRT5neet/gdLEomBo1MfO2Us6pf\nHnh35mqE2ZvHp3BstfrUnCHyrpdMEA==\n-----END PRIVATE KEY-----\n",
            "public_key_fingerprint_md5": "a3:94:64:da:05:ee:fc:e7:f7:da:61:4a:fd:db:a4:c7",
            "public_key_fingerprint_sha256": "SHA256:nn86+vwlAPjejwQdZP1jUrFQmRYFtKvACGIw/c+d7Dw",
            "public_key_openssh": "ssh-rsa AAAAB3NzaC1yc2EAAAADAQABAAACAQDGlUrFhsnHSjTHaK5vIETY+Zq/NANpFSOdVMRrwgldVStfC8fJpOoTwvMzyYpOyZRNtsMMbpBQ2N6V5nwYmW7n/CyMQX/YwB8YRwvG6d+cvIDVnevfE1C9zFdWvVOTGBjdeOPnLWpnKh4kpabBrFWq5HXXWRHc8eIKr0WECo5qcg/xxYjKwPJRifEqjl6w5nRdcFRT1s727LFCGb+OoCB87sMK64HWm+xILuZW6rI0lbRDLPu/WwJVoQ+icqPjQNszfq9T0Q9ovrvXZw45kvvdAugBfJ2Vfht8w/j44X3C6O4qeQFSLo+DT0VetehAojOPDQBxV6jWJgVzTdsRtbPTsqGce/w0zl82b4G/rYyUPNyumpmswJXFoHDMZay1GKOO7jZ8Dawh/N4u8uaOJTMKX6NGWeJ3hwbhJYy0ELGAOaJKNisqlm9ISinvTrZ64L4MXqegMnyNT+nXLjzeMoWeWvXE+sgCRNzKeq/aBmXzUbE5UroJ4FP1n0k1X3uriAR83/6wccchwoqTfD1Z75fqKnGqrEWaw9a58zWcyJ0WPd5RT6FtXxsHUekL7KjFnuzlNAsmt8mDw+NWjqW+X/hgHRg/qwqQFf2dVaQWuA0qUsk65hxpO+ZYVePxKor1j4AP5nOj71Y7USeLkl0LyzI+ie1uf0NQBkzguHIqGPp1jw==\n",
            "public_key_pem": "-----BEGIN PUBLIC KEY-----\nMIICIjANBgkqhkiG9w0BAQEFAAOCAg8AMIICCgKCAgEAxpVKxYbJx0o0x2iubyBE\n2PmavzQDaRUjnVTEa8IJXVUrXwvHyaTqE8LzM8mKTsmUTbbDDG6QUNjeleZ8GJlu\n5/wsjEF/2MAfGEcLxunfnLyA1Z3r3xNQvcxXVr1TkxgY3Xjj5y1qZyoeJKWmwaxV\nquR111kR3PHiCq9FhAqOanIP8cWIysDyUYnxKo5esOZ0XXBUU9bO9uyxQhm/jqAg\nfO7DCuuB1pvsSC7mVuqyNJW0Qyz7v1sCVaEPonKj40DbM36vU9EPaL6712cOOZL7\n3QLoAXydlX4bfMP4+OF9wujuKnkBUi6Pg09FXrXoQKIzjw0AcVeo1iYFc03bEbWz\n07KhnHv8NM5fNm+Bv62MlDzcrpqZrMCVxaBwzGWstRijju42fA2sIfzeLvLmjiUz\nCl+jRlnid4cG4SWMtBCxgDmiSjYrKpZvSEop7062euC+DF6noDJ8jU/p1y483jKF\nnlr1xPrIAkTcynqv2gZl81GxOVK6CeBT9Z9JNV97q4gEfN/+sHHHIcKKk3w9We+X\n6ipxqqxFmsPWufM1nMidFj3eUU+hbV8bB1HpC+yoxZ7s5TQLJrfJg8PjVo6lvl/4\nYB0YP6sKkBX9nVWkFrgNKlLJOuYcaTvmWFXj8SqK9Y+AD+Zzo+9WO1Eni5JdC8sy\nPontbn9DUAZM4LhyKhj6dY8CAwEAAQ==\n-----END PUBLIC KEY-----\n",
            "rsa_bits": 4096
          },
          "sensitive_attributes": [],
          "create_before_destroy": true
        }
      ]
    }
  ],
  "check_results": null
}
